
Microsoft Visual Studio Solution File, Format Version 12.00
# Visual Studio 2015
Project("{FAE04EC0-301F-11D3-BF4B-00C04F79EFBC}") = "Survival-Shooter", "Survival-Shooter.csproj", "{10C11AE5-3CA4-DAE1-EAC8-64E5DE117613}"
EndProject
Project("{FAE04EC0-301F-11D3-BF4B-00C04F79EFBC}") = "Survival-Shooter.Editor", "Survival-Shooter.Editor.csproj", "{A600F8FE-86BC-2C07-9486-122AD45EDCC5}"
EndProject
Global
	GlobalSection(SolutionConfigurationPlatforms) = preSolution
		Debug|Any CPU = Debug|Any CPU
		Release|Any CPU = Release|Any CPU
	EndGlobalSection
	GlobalSection(ProjectConfigurationPlatforms) = postSolution
		{10C11AE5-3CA4-DAE1-EAC8-64E5DE117613}.Debug|Any CPU.ActiveCfg = Debug|Any CPU
		{10C11AE5-3CA4-DAE1-EAC8-64E5DE117613}.Debug|Any CPU.Build.0 = Debug|Any CPU
		{10C11AE5-3CA4-DAE1-EAC8-64E5DE117613}.Release|Any CPU.ActiveCfg = Release|Any CPU
		{10C11AE5-3CA4-DAE1-EAC8-64E5DE117613}.Release|Any CPU.Build.0 = Release|Any CPU
		{A600F8FE-86BC-2C07-9486-122AD45EDCC5}.Debug|Any CPU.ActiveCfg = Debug|Any CPU
		{A600F8FE-86BC-2C07-9486-122AD45EDCC5}.Debug|Any CPU.Build.0 = Debug|Any CPU
		{A600F8FE-86BC-2C07-9486-122AD45EDCC5}.Release|Any CPU.ActiveCfg = Release|Any CPU
		{A600F8FE-86BC-2C07-9486-122AD45EDCC5}.Release|Any CPU.Build.0 = Release|Any CPU
	EndGlobalSection
	GlobalSection(SolutionProperties) = preSolution
		HideSolutionNode = FALSE
	EndGlobalSection
EndGlobal
